// !$*UTF8*$!
{
	archiveVersion = 1;
	classes = {
	};
	objectVersion = 56;
	objects = {

/* Begin PBXBuildFile section */
		D0247FBD2C1169E80067680B /* AppDelegate.swift in Sources */ = {isa = PBXBuildFile; fileRef = D0247FBC2C1169E80067680B /* AppDelegate.swift */; };
		D0247FC12C1169E80067680B /* ViewController.swift in Sources */ = {isa = PBXBuildFile; fileRef = D0247FC02C1169E80067680B /* ViewController.swift */; };
		D0247FC72C1169E80067680B /* iBanki.xcdatamodeld in Sources */ = {isa = PBXBuildFile; fileRef = D0247FC52C1169E80067680B /* iBanki.xcdatamodeld */; };
		D0247FC92C1169E80067680B /* Assets.xcassets in Resources */ = {isa = PBXBuildFile; fileRef = D0247FC82C1169E80067680B /* Assets.xcassets */; };
		D0247FCC2C1169E80067680B /* Base in Resources */ = {isa = PBXBuildFile; fileRef = D0247FCB2C1169E80067680B /* Base */; };
		D0247FD72C1169E90067680B /* iBankiTests.swift in Sources */ = {isa = PBXBuildFile; fileRef = D0247FD62C1169E90067680B /* iBankiTests.swift */; };
		D0247FE12C1169E90067680B /* iBankiUITests.swift in Sources */ = {isa = PBXBuildFile; fileRef = D0247FE02C1169E90067680B /* iBankiUITests.swift */; };
		D0247FE32C1169E90067680B /* iBankiUITestsLaunchTests.swift in Sources */ = {isa = PBXBuildFile; fileRef = D0247FE22C1169E90067680B /* iBankiUITestsLaunchTests.swift */; };
		D0247FF02C116AE30067680B /* LoginViewController.swift in Sources */ = {isa = PBXBuildFile; fileRef = D0247FEF2C116AE30067680B /* LoginViewController.swift */; };
		D0247FF22C116B960067680B /* LoginView.swift in Sources */ = {isa = PBXBuildFile; fileRef = D0247FF12C116B960067680B /* LoginView.swift */; };
		D05A9BDE2C23D0D50070BC37 /* OnBoardingContainerViewController.swift in Sources */ = {isa = PBXBuildFile; fileRef = D05A9BDD2C23D0D50070BC37 /* OnBoardingContainerViewController.swift */; };
		D05A9BE02C23D1CD0070BC37 /* OnBoardingViewController.swift in Sources */ = {isa = PBXBuildFile; fileRef = D05A9BDF2C23D1CD0070BC37 /* OnBoardingViewController.swift */; };
/* End PBXBuildFile section */

/* Begin PBXContainerItemProxy section */
		D0247FD32C1169E90067680B /* PBXContainerItemProxy */ = {
			isa = PBXContainerItemProxy;
			containerPortal = D0247FB12C1169E80067680B /* Project object */;
			proxyType = 1;
			remoteGlobalIDString = D0247FB82C1169E80067680B;
			remoteInfo = iBanki;
		};
		D0247FDD2C1169E90067680B /* PBXContainerItemProxy */ = {
			isa = PBXContainerItemProxy;
			containerPortal = D0247FB12C1169E80067680B /* Project object */;
			proxyType = 1;
			remoteGlobalIDString = D0247FB82C1169E80067680B;
			remoteInfo = iBanki;
		};
/* End PBXContainerItemProxy section */

/* Begin PBXFileReference section */
		D0247FB92C1169E80067680B /* iBanki.app */ = {isa = PBXFileReference; explicitFileType = wrapper.application; includeInIndex = 0; path = iBanki.app; sourceTree = BUILT_PRODUCTS_DIR; };
		D0247FBC2C1169E80067680B /* AppDelegate.swift */ = {isa = PBXFileReference; lastKnownFileType = sourcecode.swift; path = AppDelegate.swift; sourceTree = "<group>"; };
		D0247FC02C1169E80067680B /* ViewController.swift */ = {isa = PBXFileReference; lastKnownFileType = sourcecode.swift; path = ViewController.swift; sourceTree = "<group>"; };
		D0247FC62C1169E80067680B /* iBanki.xcdatamodel */ = {isa = PBXFileReference; lastKnownFileType = wrapper.xcdatamodel; path = iBanki.xcdatamodel; sourceTree = "<group>"; };
		D0247FC82C1169E80067680B /* Assets.xcassets */ = {isa = PBXFileReference; lastKnownFileType = folder.assetcatalog; path = Assets.xcassets; sourceTree = "<group>"; };
		D0247FCB2C1169E80067680B /* Base */ = {isa = PBXFileReference; lastKnownFileType = file.storyboard; name = Base; path = Base.lproj/LaunchScreen.storyboard; sourceTree = "<group>"; };
		D0247FCD2C1169E80067680B /* Info.plist */ = {isa = PBXFileReference; lastKnownFileType = text.plist.xml; path = Info.plist; sourceTree = "<group>"; };
		D0247FD22C1169E90067680B /* iBankiTests.xctest */ = {isa = PBXFileReference; explicitFileType = wrapper.cfbundle; includeInIndex = 0; path = iBankiTests.xctest; sourceTree = BUILT_PRODUCTS_DIR; };
		D0247FD62C1169E90067680B /* iBankiTests.swift */ = {isa = PBXFileReference; lastKnownFileType = sourcecode.swift; path = iBankiTests.swift; sourceTree = "<group>"; };
		D0247FDC2C1169E90067680B /* iBankiUITests.xctest */ = {isa = PBXFileReference; explicitFileType = wrapper.cfbundle; includeInIndex = 0; path = iBankiUITests.xctest; sourceTree = BUILT_PRODUCTS_DIR; };
		D0247FE02C1169E90067680B /* iBankiUITests.swift */ = {isa = PBXFileReference; lastKnownFileType = sourcecode.swift; path = iBankiUITests.swift; sourceTree = "<group>"; };
		D0247FE22C1169E90067680B /* iBankiUITestsLaunchTests.swift */ = {isa = PBXFileReference; lastKnownFileType = sourcecode.swift; path = iBankiUITestsLaunchTests.swift; sourceTree = "<group>"; };
		D0247FEF2C116AE30067680B /* LoginViewController.swift */ = {isa = PBXFileReference; lastKnownFileType = sourcecode.swift; path = LoginViewController.swift; sourceTree = "<group>"; };
		D0247FF12C116B960067680B /* LoginView.swift */ = {isa = PBXFileReference; lastKnownFileType = sourcecode.swift; path = LoginView.swift; sourceTree = "<group>"; };
		D05A9BDD2C23D0D50070BC37 /* OnBoardingContainerViewController.swift */ = {isa = PBXFileReference; lastKnownFileType = sourcecode.swift; path = OnBoardingContainerViewController.swift; sourceTree = "<group>"; };
		D05A9BDF2C23D1CD0070BC37 /* OnBoardingViewController.swift */ = {isa = PBXFileReference; lastKnownFileType = sourcecode.swift; path = OnBoardingViewController.swift; sourceTree = "<group>"; };
/* End PBXFileReference section */

/* Begin PBXFrameworksBuildPhase section */
		D0247FB62C1169E80067680B /* Frameworks */ = {
			isa = PBXFrameworksBuildPhase;
			buildActionMask = 2147483647;
			files = (
			);
			runOnlyForDeploymentPostprocessing = 0;
		};
		D0247FCF2C1169E90067680B /* Frameworks */ = {
			isa = PBXFrameworksBuildPhase;
			buildActionMask = 2147483647;
			files = (
			);
			runOnlyForDeploymentPostprocessing = 0;
		};
		D0247FD92C1169E90067680B /* Frameworks */ = {
			isa = PBXFrameworksBuildPhase;
			buildActionMask = 2147483647;
			files = (
			);
			runOnlyForDeploymentPostprocessing = 0;
		};
/* End PBXFrameworksBuildPhase section */

/* Begin PBXGroup section */
		D0247FB02C1169E80067680B = {
			isa = PBXGroup;
			children = (
				D0247FBB2C1169E80067680B /* iBanki */,
				D0247FD52C1169E90067680B /* iBankiTests */,
				D0247FDF2C1169E90067680B /* iBankiUITests */,
				D0247FBA2C1169E80067680B /* Products */,
			);
			sourceTree = "<group>";
		};
		D0247FBA2C1169E80067680B /* Products */ = {
			isa = PBXGroup;
			children = (
				D0247FB92C1169E80067680B /* iBanki.app */,
				D0247FD22C1169E90067680B /* iBankiTests.xctest */,
				D0247FDC2C1169E90067680B /* iBankiUITests.xctest */,
			);
			name = Products;
			sourceTree = "<group>";
		};
		D0247FBB2C1169E80067680B /* iBanki */ = {
			isa = PBXGroup;
			children = (
				D0247FCD2C1169E80067680B /* Info.plist */,
				D05A9BDA2C23CF590070BC37 /* Resource */,
				D05A9BD92C23CF3F0070BC37 /* Application */,
				D05A9BD82C23CF370070BC37 /* View */,
				D0247FC52C1169E80067680B /* iBanki.xcdatamodeld */,
			);
			path = iBanki;
			sourceTree = "<group>";
		};
		D0247FD52C1169E90067680B /* iBankiTests */ = {
			isa = PBXGroup;
			children = (
				D0247FD62C1169E90067680B /* iBankiTests.swift */,
			);
			path = iBankiTests;
			sourceTree = "<group>";
		};
		D0247FDF2C1169E90067680B /* iBankiUITests */ = {
			isa = PBXGroup;
			children = (
				D0247FE02C1169E90067680B /* iBankiUITests.swift */,
				D0247FE22C1169E90067680B /* iBankiUITestsLaunchTests.swift */,
			);
			path = iBankiUITests;
			sourceTree = "<group>";
		};
		D05A9BD82C23CF370070BC37 /* View */ = {
			isa = PBXGroup;
			children = (
				D05A9BDC2C23D06F0070BC37 /* OnBoarding */,
				D05A9BDB2C23D05C0070BC37 /* LoginView */,
			);
			path = View;
			sourceTree = "<group>";
		};
		D05A9BD92C23CF3F0070BC37 /* Application */ = {
			isa = PBXGroup;
			children = (
				D0247FBC2C1169E80067680B /* AppDelegate.swift */,
				D0247FCA2C1169E80067680B /* LaunchScreen.storyboard */,
				D0247FC02C1169E80067680B /* ViewController.swift */,
			);
			path = Application;
			sourceTree = "<group>";
		};
		D05A9BDA2C23CF590070BC37 /* Resource */ = {
			isa = PBXGroup;
			children = (
				D0247FC82C1169E80067680B /* Assets.xcassets */,
			);
			path = Resource;
			sourceTree = "<group>";
		};
		D05A9BDB2C23D05C0070BC37 /* LoginView */ = {
			isa = PBXGroup;
			children = (
				D0247FEF2C116AE30067680B /* LoginViewController.swift */,
				D0247FF12C116B960067680B /* LoginView.swift */,
			);
			path = LoginView;
			sourceTree = "<group>";
		};
		D05A9BDC2C23D06F0070BC37 /* OnBoarding */ = {
			isa = PBXGroup;
			children = (
				D05A9BDD2C23D0D50070BC37 /* OnBoardingContainerViewController.swift */,
				D05A9BDF2C23D1CD0070BC37 /* OnBoardingViewController.swift */,
			);
			path = OnBoarding;
			sourceTree = "<group>";
		};
/* End PBXGroup section */

/* Begin PBXNativeTarget section */
		D0247FB82C1169E80067680B /* iBanki */ = {
			isa = PBXNativeTarget;
			buildConfigurationList = D0247FE62C1169E90067680B /* Build configuration list for PBXNativeTarget "iBanki" */;
			buildPhases = (
				D0247FB52C1169E80067680B /* Sources */,
				D0247FB62C1169E80067680B /* Frameworks */,
				D0247FB72C1169E80067680B /* Resources */,
			);
			buildRules = (
			);
			dependencies = (
			);
			name = iBanki;
			productName = iBanki;
			productReference = D0247FB92C1169E80067680B /* iBanki.app */;
			productType = "com.apple.product-type.application";
		};
		D0247FD12C1169E90067680B /* iBankiTests */ = {
			isa = PBXNativeTarget;
			buildConfigurationList = D0247FE92C1169E90067680B /* Build configuration list for PBXNativeTarget "iBankiTests" */;
			buildPhases = (
				D0247FCE2C1169E90067680B /* Sources */,
				D0247FCF2C1169E90067680B /* Frameworks */,
				D0247FD02C1169E90067680B /* Resources */,
			);
			buildRules = (
			);
			dependencies = (
				D0247FD42C1169E90067680B /* PBXTargetDependency */,
			);
			name = iBankiTests;
			productName = iBankiTests;
			productReference = D0247FD22C1169E90067680B /* iBankiTests.xctest */;
			productType = "com.apple.product-type.bundle.unit-test";
		};
		D0247FDB2C1169E90067680B /* iBankiUITests */ = {
			isa = PBXNativeTarget;
			buildConfigurationList = D0247FEC2C1169E90067680B /* Build configuration list for PBXNativeTarget "iBankiUITests" */;
			buildPhases = (
				D0247FD82C1169E90067680B /* Sources */,
				D0247FD92C1169E90067680B /* Frameworks */,
				D0247FDA2C1169E90067680B /* Resources */,
			);
			buildRules = (
			);
			dependencies = (
				D0247FDE2C1169E90067680B /* PBXTargetDependency */,
			);
			name = iBankiUITests;
			productName = iBankiUITests;
			productReference = D0247FDC2C1169E90067680B /* iBankiUITests.xctest */;
			productType = "com.apple.product-type.bundle.ui-testing";
		};
/* End PBXNativeTarget section */

/* Begin PBXProject section */
		D0247FB12C1169E80067680B /* Project object */ = {
			isa = PBXProject;
			attributes = {
				BuildIndependentTargetsInParallel = 1;
				LastSwiftUpdateCheck = 1540;
				LastUpgradeCheck = 1540;
				TargetAttributes = {
					D0247FB82C1169E80067680B = {
						CreatedOnToolsVersion = 15.4;
					};
					D0247FD12C1169E90067680B = {
						CreatedOnToolsVersion = 15.4;
						TestTargetID = D0247FB82C1169E80067680B;
					};
					D0247FDB2C1169E90067680B = {
						CreatedOnToolsVersion = 15.4;
						TestTargetID = D0247FB82C1169E80067680B;
					};
				};
			};
			buildConfigurationList = D0247FB42C1169E80067680B /* Build configuration list for PBXProject "iBanki" */;
			compatibilityVersion = "Xcode 14.0";
			developmentRegion = en;
			hasScannedForEncodings = 0;
			knownRegions = (
				en,
				Base,
			);
			mainGroup = D0247FB02C1169E80067680B;
			productRefGroup = D0247FBA2C1169E80067680B /* Products */;
			projectDirPath = "";
			projectRoot = "";
			targets = (
				D0247FB82C1169E80067680B /* iBanki */,
				D0247FD12C1169E90067680B /* iBankiTests */,
				D0247FDB2C1169E90067680B /* iBankiUITests */,
			);
		};
/* End PBXProject section */

/* Begin PBXResourcesBuildPhase section */
		D0247FB72C1169E80067680B /* Resources */ = {
			isa = PBXResourcesBuildPhase;
			buildActionMask = 2147483647;
			files = (
				D0247FC92C1169E80067680B /* Assets.xcassets in Resources */,
				D0247FCC2C1169E80067680B /* Base in Resources */,
			);
			runOnlyForDeploymentPostprocessing = 0;
		};
		D0247FD02C1169E90067680B /* Resources */ = {
			isa = PBXResourcesBuildPhase;
			buildActionMask = 2147483647;
			files = (
			);
			runOnlyForDeploymentPostprocessing = 0;
		};
		D0247FDA2C1169E90067680B /* Resources */ = {
			isa = PBXResourcesBuildPhase;
			buildActionMask = 2147483647;
			files = (
			);
			runOnlyForDeploymentPostprocessing = 0;
		};
/* End PBXResourcesBuildPhase section */

/* Begin PBXSourcesBuildPhase section */
		D0247FB52C1169E80067680B /* Sources */ = {
			isa = PBXSourcesBuildPhase;
			buildActionMask = 2147483647;
			files = (
				D0247FF22C116B960067680B /* LoginView.swift in Sources */,
				D0247FC12C1169E80067680B /* ViewController.swift in Sources */,
				D05A9BE02C23D1CD0070BC37 /* OnBoardingViewController.swift in Sources */,
				D0247FC72C1169E80067680B /* iBanki.xcdatamodeld in Sources */,
				D05A9BDE2C23D0D50070BC37 /* OnBoardingContainerViewController.swift in Sources */,
				D0247FBD2C1169E80067680B /* AppDelegate.swift in Sources */,
				D0247FF02C116AE30067680B /* LoginViewController.swift in Sources */,
			);
			runOnlyForDeploymentPostprocessing = 0;
		};
		D0247FCE2C1169E90067680B /* Sources */ = {
			isa = PBXSourcesBuildPhase;
			buildActionMask = 2147483647;
			files = (
				D0247FD72C1169E90067680B /* iBankiTests.swift in Sources */,
			);
			runOnlyForDeploymentPostprocessing = 0;
		};
		D0247FD82C1169E90067680B /* Sources */ = {
			isa = PBXSourcesBuildPhase;
			buildActionMask = 2147483647;
			files = (
				D0247FE32C1169E90067680B /* iBankiUITestsLaunchTests.swift in Sources */,
				D0247FE12C1169E90067680B /* iBankiUITests.swift in Sources */,
			);
			runOnlyForDeploymentPostprocessing = 0;
		};
/* End PBXSourcesBuildPhase section */

/* Begin PBXTargetDependency section */
		D0247FD42C1169E90067680B /* PBXTargetDependency */ = {
			isa = PBXTargetDependency;
			target = D0247FB82C1169E80067680B /* iBanki */;
			targetProxy = D0247FD32C1169E90067680B /* PBXContainerItemProxy */;
		};
		D0247FDE2C1169E90067680B /* PBXTargetDependency */ = {
			isa = PBXTargetDependency;
			target = D0247FB82C1169E80067680B /* iBanki */;
			targetProxy = D0247FDD2C1169E90067680B /* PBXContainerItemProxy */;
		};
/* End PBXTargetDependency section */

/* Begin PBXVariantGroup section */
		D0247FCA2C1169E80067680B /* LaunchScreen.storyboard */ = {
			isa = PBXVariantGroup;
			children = (
				D0247FCB2C1169E80067680B /* Base */,
			);
			name = LaunchScreen.storyboard;
			sourceTree = "<group>";
		};
/* End PBXVariantGroup section */

/* Begin XCBuildConfiguration section */
		D0247FE42C1169E90067680B /* Debug */ = {
			isa = XCBuildConfiguration;
			buildSettings = {
				ALWAYS_SEARCH_USER_PATHS = NO;
				ASSETCATALOG_COMPILER_GENERATE_SWIFT_ASSET_SYMBOL_EXTENSIONS = YES;
				CLANG_ANALYZER_NONNULL = YES;
				CLANG_ANALYZER_NUMBER_OBJECT_CONVERSION = YES_AGGRESSIVE;
				CLANG_CXX_LANGUAGE_STANDARD = "gnu++20";
				CLANG_ENABLE_MODULES = YES;
				CLANG_ENABLE_OBJC_ARC = YES;
				CLANG_ENABLE_OBJC_WEAK = YES;
				CLANG_WARN_BLOCK_CAPTURE_AUTORELEASING = YES;
				CLANG_WARN_BOOL_CONVERSION = YES;
				CLANG_WARN_COMMA = YES;
				CLANG_WARN_CONSTANT_CONVERSION = YES;
				CLANG_WARN_DEPRECATED_OBJC_IMPLEMENTATIONS = YES;
				CLANG_WARN_DIRECT_OBJC_ISA_USAGE = YES_ERROR;
				CLANG_WARN_DOCUMENTATION_COMMENTS = YES;
				CLANG_WARN_EMPTY_BODY = YES;
				CLANG_WARN_ENUM_CONVERSION = YES;
				CLANG_WARN_INFINITE_RECURSION = YES;
				CLANG_WARN_INT_CONVERSION = YES;
				CLANG_WARN_NON_LITERAL_NULL_CONVERSION = YES;
				CLANG_WARN_OBJC_IMPLICIT_RETAIN_SELF = YES;
				CLANG_WARN_OBJC_LITERAL_CONVERSION = YES;
				CLANG_WARN_OBJC_ROOT_CLASS = YES_ERROR;
				CLANG_WARN_QUOTED_INCLUDE_IN_FRAMEWORK_HEADER = YES;
				CLANG_WARN_RANGE_LOOP_ANALYSIS = YES;
				CLANG_WARN_STRICT_PROTOTYPES = YES;
				CLANG_WARN_SUSPICIOUS_MOVE = YES;
				CLANG_WARN_UNGUARDED_AVAILABILITY = YES_AGGRESSIVE;
				CLANG_WARN_UNREACHABLE_CODE = YES;
				CLANG_WARN__DUPLICATE_METHOD_MATCH = YES;
				COPY_PHASE_STRIP = NO;
				DEBUG_INFORMATION_FORMAT = dwarf;
				ENABLE_STRICT_OBJC_MSGSEND = YES;
				ENABLE_TESTABILITY = YES;
				ENABLE_USER_SCRIPT_SANDBOXING = YES;
				GCC_C_LANGUAGE_STANDARD = gnu17;
				GCC_DYNAMIC_NO_PIC = NO;
				GCC_NO_COMMON_BLOCKS = YES;
				GCC_OPTIMIZATION_LEVEL = 0;
				GCC_PREPROCESSOR_DEFINITIONS = (
					"DEBUG=1",
					"$(inherited)",
				);
				GCC_WARN_64_TO_32_BIT_CONVERSION = YES;
				GCC_WARN_ABOUT_RETURN_TYPE = YES_ERROR;
				GCC_WARN_UNDECLARED_SELECTOR = YES;
				GCC_WARN_UNINITIALIZED_AUTOS = YES_AGGRESSIVE;
				GCC_WARN_UNUSED_FUNCTION = YES;
				GCC_WARN_UNUSED_VARIABLE = YES;
				IPHONEOS_DEPLOYMENT_TARGET = 17.5;
				LOCALIZATION_PREFERS_STRING_CATALOGS = YES;
				MTL_ENABLE_DEBUG_INFO = INCLUDE_SOURCE;
				MTL_FAST_MATH = YES;
				ONLY_ACTIVE_ARCH = YES;
				SDKROOT = iphoneos;
				SWIFT_ACTIVE_COMPILATION_CONDITIONS = "DEBUG $(inherited)";
				SWIFT_OPTIMIZATION_LEVEL = "-Onone";
			};
			name = Debug;
		};
		D0247FE52C1169E90067680B /* Release */ = {
			isa = XCBuildConfiguration;
			buildSettings = {
				ALWAYS_SEARCH_USER_PATHS = NO;
				ASSETCATALOG_COMPILER_GENERATE_SWIFT_ASSET_SYMBOL_EXTENSIONS = YES;
				CLANG_ANALYZER_NONNULL = YES;
				CLANG_ANALYZER_NUMBER_OBJECT_CONVERSION = YES_AGGRESSIVE;
				CLANG_CXX_LANGUAGE_STANDARD = "gnu++20";
				CLANG_ENABLE_MODULES = YES;
				CLANG_ENABLE_OBJC_ARC = YES;
				CLANG_ENABLE_OBJC_WEAK = YES;
				CLANG_WARN_BLOCK_CAPTURE_AUTORELEASING = YES;
				CLANG_WARN_BOOL_CONVERSION = YES;
				CLANG_WARN_COMMA = YES;
				CLANG_WARN_CONSTANT_CONVERSION = YES;
				CLANG_WARN_DEPRECATED_OBJC_IMPLEMENTATIONS = YES;
				CLANG_WARN_DIRECT_OBJC_ISA_USAGE = YES_ERROR;
				CLANG_WARN_DOCUMENTATION_COMMENTS = YES;
				CLANG_WARN_EMPTY_BODY = YES;
				CLANG_WARN_ENUM_CONVERSION = YES;
				CLANG_WARN_INFINITE_RECURSION = YES;
				CLANG_WARN_INT_CONVERSION = YES;
				CLANG_WARN_NON_LITERAL_NULL_CONVERSION = YES;
				CLANG_WARN_OBJC_IMPLICIT_RETAIN_SELF = YES;
				CLANG_WARN_OBJC_LITERAL_CONVERSION = YES;
				CLANG_WARN_OBJC_ROOT_CLASS = YES_ERROR;
				CLANG_WARN_QUOTED_INCLUDE_IN_FRAMEWORK_HEADER = YES;
				CLANG_WARN_RANGE_LOOP_ANALYSIS = YES;
				CLANG_WARN_STRICT_PROTOTYPES = YES;
				CLANG_WARN_SUSPICIOUS_MOVE = YES;
				CLANG_WARN_UNGUARDED_AVAILABILITY = YES_AGGRESSIVE;
				CLANG_WARN_UNREACHABLE_CODE = YES;
				CLANG_WARN__DUPLICATE_METHOD_MATCH = YES;
				COPY_PHASE_STRIP = NO;
				DEBUG_INFORMATION_FORMAT = "dwarf-with-dsym";
				ENABLE_NS_ASSERTIONS = NO;
				ENABLE_STRICT_OBJC_MSGSEND = YES;
				ENABLE_USER_SCRIPT_SANDBOXING = YES;
				GCC_C_LANGUAGE_STANDARD = gnu17;
				GCC_NO_COMMON_BLOCKS = YES;
				GCC_WARN_64_TO_32_BIT_CONVERSION = YES;
				GCC_WARN_ABOUT_RETURN_TYPE = YES_ERROR;
				GCC_WARN_UNDECLARED_SELECTOR = YES;
				GCC_WARN_UNINITIALIZED_AUTOS = YES_AGGRESSIVE;
				GCC_WARN_UNUSED_FUNCTION = YES;
				GCC_WARN_UNUSED_VARIABLE = YES;
				IPHONEOS_DEPLOYMENT_TARGET = 17.5;
				LOCALIZATION_PREFERS_STRING_CATALOGS = YES;
				MTL_ENABLE_DEBUG_INFO = NO;
				MTL_FAST_MATH = YES;
				SDKROOT = iphoneos;
				SWIFT_COMPILATION_MODE = wholemodule;
				VALIDATE_PRODUCT = YES;
			};
			name = Release;
		};
		D0247FE72C1169E90067680B /* Debug */ = {
			isa = XCBuildConfiguration;
			buildSettings = {
				ASSETCATALOG_COMPILER_APPICON_NAME = AppIcon;
				ASSETCATALOG_COMPILER_GLOBAL_ACCENT_COLOR_NAME = AccentColor;
				CODE_SIGN_STYLE = Automatic;
				CURRENT_PROJECT_VERSION = 1;
				DEVELOPMENT_TEAM = X6BCZG26RH;
				GENERATE_INFOPLIST_FILE = YES;
				INFOPLIST_FILE = iBanki/Info.plist;
				INFOPLIST_KEY_UIApplicationSupportsIndirectInputEvents = YES;
				INFOPLIST_KEY_UILaunchStoryboardName = LaunchScreen;
				INFOPLIST_KEY_UISupportedInterfaceOrientations_iPad = "UIInterfaceOrientationPortrait UIInterfaceOrientationPortraitUpsideDown UIInterfaceOrientationLandscapeLeft UIInterfaceOrientationLandscapeRight";
				INFOPLIST_KEY_UISupportedInterfaceOrientations_iPhone = "UIInterfaceOrientationPortrait UIInterfaceOrientationLandscapeLeft UIInterfaceOrientationLandscapeRight";
				LD_RUNPATH_SEARCH_PATHS = (
					"$(inherited)",
					"@executable_path/Frameworks",
				);
				MARKETING_VERSION = 1.0;
				PRODUCT_BUNDLE_IDENTIFIER = com.magnosith.iBanki;
				PRODUCT_NAME = "$(TARGET_NAME)";
				SWIFT_EMIT_LOC_STRINGS = YES;
				SWIFT_VERSION = 5.0;
				TARGETED_DEVICE_FAMILY = "1,2";
			};
			name = Debug;
		};
		D0247FE82C1169E90067680B /* Release */ = {
			isa = XCBuildConfiguration;
			buildSettings = {
				ASSETCATALOG_COMPILER_APPICON_NAME = AppIcon;
				ASSETCATALOG_COMPILER_GLOBAL_ACCENT_COLOR_NAME = AccentColor;
				CODE_SIGN_STYLE = Automatic;
				CURRENT_PROJECT_VERSION = 1;
				DEVELOPMENT_TEAM = X6BCZG26RH;
				GENERATE_INFOPLIST_FILE = YES;
				INFOPLIST_FILE = iBanki/Info.plist;
				INFOPLIST_KEY_UIApplicationSupportsIndirectInputEvents = YES;
				INFOPLIST_KEY_UILaunchStoryboardName = LaunchScreen;
				INFOPLIST_KEY_UISupportedInterfaceOrientations_iPad = "UIInterfaceOrientationPortrait UIInterfaceOrientationPortraitUpsideDown UIInterfaceOrientationLandscapeLeft UIInterfaceOrientationLandscapeRight";
				INFOPLIST_KEY_UISupportedInterfaceOrientations_iPhone = "UIInterfaceOrientationPortrait UIInterfaceOrientationLandscapeLeft UIInterfaceOrientationLandscapeRight";
				LD_RUNPATH_SEARCH_PATHS = (
					"$(inherited)",
					"@executable_path/Frameworks",
				);
				MARKETING_VERSION = 1.0;
				PRODUCT_BUNDLE_IDENTIFIER = com.magnosith.iBanki;
				PRODUCT_NAME = "$(TARGET_NAME)";
				SWIFT_EMIT_LOC_STRINGS = YES;
				SWIFT_VERSION = 5.0;
				TARGETED_DEVICE_FAMILY = "1,2";
			};
			name = Release;
		};
		D0247FEA2C1169E90067680B /* Debug */ = {
			isa = XCBuildConfiguration;
			buildSettings = {
				ALWAYS_EMBED_SWIFT_STANDARD_LIBRARIES = YES;
				BUNDLE_LOADER = "$(TEST_HOST)";
				CODE_SIGN_STYLE = Automatic;
				CURRENT_PROJECT_VERSION = 1;
				DEVELOPMENT_TEAM = X6BCZG26RH;
				GENERATE_INFOPLIST_FILE = YES;
				IPHONEOS_DEPLOYMENT_TARGET = 17.5;
				MARKETING_VERSION = 1.0;
				PRODUCT_BUNDLE_IDENTIFIER = com.magnosith.iBankiTests;
				PRODUCT_NAME = "$(TARGET_NAME)";
				SWIFT_EMIT_LOC_STRINGS = NO;
				SWIFT_VERSION = 5.0;
				TARGETED_DEVICE_FAMILY = "1,2";
				TEST_HOST = "$(BUILT_PRODUCTS_DIR)/iBanki.app/$(BUNDLE_EXECUTABLE_FOLDER_PATH)/iBanki";
			};
			name = Debug;
		};
		D0247FEB2C1169E90067680B /* Release */ = {
			isa = XCBuildConfiguration;
			buildSettings = {
				ALWAYS_EMBED_SWIFT_STANDARD_LIBRARIES = YES;
				BUNDLE_LOADER = "$(TEST_HOST)";
				CODE_SIGN_STYLE = Automatic;
				CURRENT_PROJECT_VERSION = 1;
				DEVELOPMENT_TEAM = X6BCZG26RH;
				GENERATE_INFOPLIST_FILE = YES;
				IPHONEOS_DEPLOYMENT_TARGET = 17.5;
				MARKETING_VERSION = 1.0;
				PRODUCT_BUNDLE_IDENTIFIER = com.magnosith.iBankiTests;
				PRODUCT_NAME = "$(TARGET_NAME)";
				SWIFT_EMIT_LOC_STRINGS = NO;
				SWIFT_VERSION = 5.0;
				TARGETED_DEVICE_FAMILY = "1,2";
				TEST_HOST = "$(BUILT_PRODUCTS_DIR)/iBanki.app/$(BUNDLE_EXECUTABLE_FOLDER_PATH)/iBanki";
			};
			name = Release;
		};
		D0247FED2C1169E90067680B /* Debug */ = {
			isa = XCBuildConfiguration;
			buildSettings = {
				ALWAYS_EMBED_SWIFT_STANDARD_LIBRARIES = YES;
				CODE_SIGN_STYLE = Automatic;
				CURRENT_PROJECT_VERSION = 1;
				DEVELOPMENT_TEAM = X6BCZG26RH;
				GENERATE_INFOPLIST_FILE = YES;
				MARKETING_VERSION = 1.0;
				PRODUCT_BUNDLE_IDENTIFIER = com.magnosith.iBankiUITests;
				PRODUCT_NAME = "$(TARGET_NAME)";
				SWIFT_EMIT_LOC_STRINGS = NO;
				SWIFT_VERSION = 5.0;
				TARGETED_DEVICE_FAMILY = "1,2";
				TEST_TARGET_NAME = iBanki;
			};
			name = Debug;
		};
		D0247FEE2C1169E90067680B /* Release */ = {
			isa = XCBuildConfiguration;
			buildSettings = {
				ALWAYS_EMBED_SWIFT_STANDARD_LIBRARIES = YES;
				CODE_SIGN_STYLE = Automatic;
				CURRENT_PROJECT_VERSION = 1;
				DEVELOPMENT_TEAM = X6BCZG26RH;
				GENERATE_INFOPLIST_FILE = YES;
				MARKETING_VERSION = 1.0;
				PRODUCT_BUNDLE_IDENTIFIER = com.magnosith.iBankiUITests;
				PRODUCT_NAME = "$(TARGET_NAME)";
				SWIFT_EMIT_LOC_STRINGS = NO;
				SWIFT_VERSION = 5.0;
				TARGETED_DEVICE_FAMILY = "1,2";
				TEST_TARGET_NAME = iBanki;
			};
			name = Release;
		};
/* End XCBuildConfiguration section */

/* Begin XCConfigurationList section */
		D0247FB42C1169E80067680B /* Build configuration list for PBXProject "iBanki" */ = {
			isa = XCConfigurationList;
			buildConfigurations = (
				D0247FE42C1169E90067680B /* Debug */,
				D0247FE52C1169E90067680B /* Release */,
			);
			defaultConfigurationIsVisible = 0;
			defaultConfigurationName = Release;
		};
		D0247FE62C1169E90067680B /* Build configuration list for PBXNativeTarget "iBanki" */ = {
			isa = XCConfigurationList;
			buildConfigurations = (
				D0247FE72C1169E90067680B /* Debug */,
				D0247FE82C1169E90067680B /* Release */,
			);
			defaultConfigurationIsVisible = 0;
			defaultConfigurationName = Release;
		};
		D0247FE92C1169E90067680B /* Build configuration list for PBXNativeTarget "iBankiTests" */ = {
			isa = XCConfigurationList;
			buildConfigurations = (
				D0247FEA2C1169E90067680B /* Debug */,
				D0247FEB2C1169E90067680B /* Release */,
			);
			defaultConfigurationIsVisible = 0;
			defaultConfigurationName = Release;
		};
		D0247FEC2C1169E90067680B /* Build configuration list for PBXNativeTarget "iBankiUITests" */ = {
			isa = XCConfigurationList;
			buildConfigurations = (
				D0247FED2C1169E90067680B /* Debug */,
				D0247FEE2C1169E90067680B /* Release */,
			);
			defaultConfigurationIsVisible = 0;
			defaultConfigurationName = Release;
		};
/* End XCConfigurationList section */

/* Begin XCVersionGroup section */
		D0247FC52C1169E80067680B /* iBanki.xcdatamodeld */ = {
			isa = XCVersionGroup;
			children = (
				D0247FC62C1169E80067680B /* iBanki.xcdatamodel */,
			);
			currentVersion = D0247FC62C1169E80067680B /* iBanki.xcdatamodel */;
			path = iBanki.xcdatamodeld;
			sourceTree = "<group>";
			versionGroupType = wrapper.xcdatamodel;
		};
/* End XCVersionGroup section */
	};
	rootObject = D0247FB12C1169E80067680B /* Project object */;
}
